
Microsoft Visual Studio Solution File, Format Version 12.00
# Visual Studio Version 17
VisualStudioVersion = 17.2.32526.322
MinimumVisualStudioVersion = 10.0.40219.1
Project("{9A19103F-16F7-4668-BE54-9A1E7A4F7556}") = "GlanceReddit", "GlanceReddit\GlanceReddit.csproj", "{845489E3-D28D-4CAA-BCE2-3236A2960DDB}"
EndProject
Project("{9A19103F-16F7-4668-BE54-9A1E7A4F7556}") = "FetchTokenService", "FetchTokenService\FetchTokenService.csproj", "{EBEBFC47-383B-436A-AF73-40A04669B287}"
EndProject
Project("{FAE04EC0-301F-11D3-BF4B-00C04F79EFBC}") = "StatisticsTests", "StatisticsTests\StatisticsTests.csproj", "{2977FB23-7427-4260-9BDA-0DF7BC029AF2}"
EndProject
Global
	GlobalSection(SolutionConfigurationPlatforms) = preSolution
		Debug|Any CPU = Debug|Any CPU
		Release|Any CPU = Release|Any CPU
	EndGlobalSection
	GlobalSection(ProjectConfigurationPlatforms) = postSolution
		{845489E3-D28D-4CAA-BCE2-3236A2960DDB}.Debug|Any CPU.ActiveCfg = Release|Any CPU
		{845489E3-D28D-4CAA-BCE2-3236A2960DDB}.Debug|Any CPU.Build.0 = Release|Any CPU
		{845489E3-D28D-4CAA-BCE2-3236A2960DDB}.Release|Any CPU.ActiveCfg = Release|Any CPU
		{845489E3-D28D-4CAA-BCE2-3236A2960DDB}.Release|Any CPU.Build.0 = Release|Any CPU
		{EBEBFC47-383B-436A-AF73-40A04669B287}.Debug|Any CPU.ActiveCfg = Debug|Any CPU
		{EBEBFC47-383B-436A-AF73-40A04669B287}.Debug|Any CPU.Build.0 = Debug|Any CPU
		{EBEBFC47-383B-436A-AF73-40A04669B287}.Release|Any CPU.ActiveCfg = Release|Any CPU
		{EBEBFC47-383B-436A-AF73-40A04669B287}.Release|Any CPU.Build.0 = Release|Any CPU
		{2977FB23-7427-4260-9BDA-0DF7BC029AF2}.Debug|Any CPU.ActiveCfg = Debug|Any CPU
		{2977FB23-7427-4260-9BDA-0DF7BC029AF2}.Debug|Any CPU.Build.0 = Debug|Any CPU
		{2977FB23-7427-4260-9BDA-0DF7BC029AF2}.Release|Any CPU.ActiveCfg = Release|Any CPU
		{2977FB23-7427-4260-9BDA-0DF7BC029AF2}.Release|Any CPU.Build.0 = Release|Any CPU
	EndGlobalSection
	GlobalSection(SolutionProperties) = preSolution
		HideSolutionNode = FALSE
	EndGlobalSection
	GlobalSection(ExtensibilityGlobals) = postSolution
		SolutionGuid = {DC4315DA-BB3B-45D4-B31C-F30A2684D657}
	EndGlobalSection
EndGlobal
